
Microsoft Visual Studio Solution File, Format Version 12.00
Project("{FAE04EC0-301F-11D3-BF4B-00C04F79EFBC}") = "Mission11_Roney", "Mission11_Roney\Mission11_Roney.csproj", "{52F5414C-3EF6-4EFD-A0F5-6C47C37CEF4D}"
EndProject
Global
	GlobalSection(SolutionConfigurationPlatforms) = preSolution
		Debug|Any CPU = Debug|Any CPU
		Release|Any CPU = Release|Any CPU
	EndGlobalSection
	GlobalSection(ProjectConfigurationPlatforms) = postSolution
		{52F5414C-3EF6-4EFD-A0F5-6C47C37CEF4D}.Debug|Any CPU.ActiveCfg = Debug|Any CPU
		{52F5414C-3EF6-4EFD-A0F5-6C47C37CEF4D}.Debug|Any CPU.Build.0 = Debug|Any CPU
		{52F5414C-3EF6-4EFD-A0F5-6C47C37CEF4D}.Release|Any CPU.ActiveCfg = Release|Any CPU
		{52F5414C-3EF6-4EFD-A0F5-6C47C37CEF4D}.Release|Any CPU.Build.0 = Release|Any CPU
	EndGlobalSection
EndGlobal
